// !$*UTF8*$!
{
	archiveVersion = 1;
	classes = {
	};
	objectVersion = 55;
	objects = {

/* Begin PBXBuildFile section */
		33B50F0A2803271B00C94265 /* GoogleService-Info.plist in Resources */ = {isa = PBXBuildFile; fileRef = 33B50F092803271B00C94265 /* GoogleService-Info.plist */; };
		33B8A1A728044F6800CD1EC1 /* Constants.swift in Sources */ = {isa = PBXBuildFile; fileRef = 33B8A1A628044F6800CD1EC1 /* Constants.swift */; };
		33B8A1AA2804568300CD1EC1 /* Message.swift in Sources */ = {isa = PBXBuildFile; fileRef = 33B8A1A92804568300CD1EC1 /* Message.swift */; };
		33DFEAA427FACA7500CFD745 /* AppDelegate.swift in Sources */ = {isa = PBXBuildFile; fileRef = 33DFEAA327FACA7500CFD745 /* AppDelegate.swift */; };
		33DFEAA627FACA7500CFD745 /* SceneDelegate.swift in Sources */ = {isa = PBXBuildFile; fileRef = 33DFEAA527FACA7500CFD745 /* SceneDelegate.swift */; };
		33DFEAA827FACA7500CFD745 /* WelcomeViewController.swift in Sources */ = {isa = PBXBuildFile; fileRef = 33DFEAA727FACA7500CFD745 /* WelcomeViewController.swift */; };
		33DFEAAB27FACA7500CFD745 /* Main.storyboard in Resources */ = {isa = PBXBuildFile; fileRef = 33DFEAA927FACA7500CFD745 /* Main.storyboard */; };
		33DFEAAD27FACA7600CFD745 /* Assets.xcassets in Resources */ = {isa = PBXBuildFile; fileRef = 33DFEAAC27FACA7600CFD745 /* Assets.xcassets */; };
		33DFEAB027FACA7600CFD745 /* LaunchScreen.storyboard in Resources */ = {isa = PBXBuildFile; fileRef = 33DFEAAE27FACA7600CFD745 /* LaunchScreen.storyboard */; };
		33DFEABA27FACBF100CFD745 /* LoginViewController.swift in Sources */ = {isa = PBXBuildFile; fileRef = 33DFEAB927FACBF100CFD745 /* LoginViewController.swift */; };
		33DFEABC27FACC0A00CFD745 /* RegisterViewController.swift in Sources */ = {isa = PBXBuildFile; fileRef = 33DFEABB27FACC0A00CFD745 /* RegisterViewController.swift */; };
		33DFEABE27FACC1E00CFD745 /* ChatViewController.swift in Sources */ = {isa = PBXBuildFile; fileRef = 33DFEABD27FACC1E00CFD745 /* ChatViewController.swift */; };
		F0AC715C1512D9DF91272D4C /* Pods_FlashChatApp.framework in Frameworks */ = {isa = PBXBuildFile; fileRef = 4F802D2FDBA3D75C422E5395 /* Pods_FlashChatApp.framework */; };
/* End PBXBuildFile section */

/* Begin PBXFileReference section */
		33B50F092803271B00C94265 /* GoogleService-Info.plist */ = {isa = PBXFileReference; fileEncoding = 4; lastKnownFileType = text.plist.xml; name = "GoogleService-Info.plist"; path = "../../../../../Downloads/GoogleService-Info.plist"; sourceTree = "<group>"; };
		33B8A1A628044F6800CD1EC1 /* Constants.swift */ = {isa = PBXFileReference; lastKnownFileType = sourcecode.swift; path = Constants.swift; sourceTree = "<group>"; };
		33B8A1A92804568300CD1EC1 /* Message.swift */ = {isa = PBXFileReference; lastKnownFileType = sourcecode.swift; name = Message.swift; path = FlashChatApp/Message.swift; sourceTree = "<group>"; };
		33DFEAA027FACA7500CFD745 /* FlashChatApp.app */ = {isa = PBXFileReference; explicitFileType = wrapper.application; includeInIndex = 0; path = FlashChatApp.app; sourceTree = BUILT_PRODUCTS_DIR; };
		33DFEAA327FACA7500CFD745 /* AppDelegate.swift */ = {isa = PBXFileReference; lastKnownFileType = sourcecode.swift; path = AppDelegate.swift; sourceTree = "<group>"; };
		33DFEAA527FACA7500CFD745 /* SceneDelegate.swift */ = {isa = PBXFileReference; lastKnownFileType = sourcecode.swift; path = SceneDelegate.swift; sourceTree = "<group>"; };
		33DFEAA727FACA7500CFD745 /* WelcomeViewController.swift */ = {isa = PBXFileReference; lastKnownFileType = sourcecode.swift; path = WelcomeViewController.swift; sourceTree = "<group>"; };
		33DFEAAA27FACA7500CFD745 /* Base */ = {isa = PBXFileReference; lastKnownFileType = file.storyboard; name = Base; path = Base.lproj/Main.storyboard; sourceTree = "<group>"; };
		33DFEAAC27FACA7600CFD745 /* Assets.xcassets */ = {isa = PBXFileReference; lastKnownFileType = folder.assetcatalog; path = Assets.xcassets; sourceTree = "<group>"; };
		33DFEAAF27FACA7600CFD745 /* Base */ = {isa = PBXFileReference; lastKnownFileType = file.storyboard; name = Base; path = Base.lproj/LaunchScreen.storyboard; sourceTree = "<group>"; };
		33DFEAB127FACA7600CFD745 /* Info.plist */ = {isa = PBXFileReference; lastKnownFileType = text.plist.xml; path = Info.plist; sourceTree = "<group>"; };
		33DFEAB927FACBF100CFD745 /* LoginViewController.swift */ = {isa = PBXFileReference; lastKnownFileType = sourcecode.swift; path = LoginViewController.swift; sourceTree = "<group>"; };
		33DFEABB27FACC0A00CFD745 /* RegisterViewController.swift */ = {isa = PBXFileReference; lastKnownFileType = sourcecode.swift; path = RegisterViewController.swift; sourceTree = "<group>"; };
		33DFEABD27FACC1E00CFD745 /* ChatViewController.swift */ = {isa = PBXFileReference; lastKnownFileType = sourcecode.swift; path = ChatViewController.swift; sourceTree = "<group>"; };
		4F802D2FDBA3D75C422E5395 /* Pods_FlashChatApp.framework */ = {isa = PBXFileReference; explicitFileType = wrapper.framework; includeInIndex = 0; path = Pods_FlashChatApp.framework; sourceTree = BUILT_PRODUCTS_DIR; };
		89408CF80749AE23C80FE42A /* Pods-FlashChatApp.debug.xcconfig */ = {isa = PBXFileReference; includeInIndex = 1; lastKnownFileType = text.xcconfig; name = "Pods-FlashChatApp.debug.xcconfig"; path = "Target Support Files/Pods-FlashChatApp/Pods-FlashChatApp.debug.xcconfig"; sourceTree = "<group>"; };
		CAB75447FE1969266C17DCD2 /* Pods-FlashChatApp.release.xcconfig */ = {isa = PBXFileReference; includeInIndex = 1; lastKnownFileType = text.xcconfig; name = "Pods-FlashChatApp.release.xcconfig"; path = "Target Support Files/Pods-FlashChatApp/Pods-FlashChatApp.release.xcconfig"; sourceTree = "<group>"; };
/* End PBXFileReference section */

/* Begin PBXFrameworksBuildPhase section */
		33DFEA9D27FACA7500CFD745 /* Frameworks */ = {
			isa = PBXFrameworksBuildPhase;
			buildActionMask = 2147483647;
			files = (
				F0AC715C1512D9DF91272D4C /* Pods_FlashChatApp.framework in Frameworks */,
			);
			runOnlyForDeploymentPostprocessing = 0;
		};
/* End PBXFrameworksBuildPhase section */

/* Begin PBXGroup section */
		1B3F7CB47DB5DCE59BA54200 /* Pods */ = {
			isa = PBXGroup;
			children = (
				89408CF80749AE23C80FE42A /* Pods-FlashChatApp.debug.xcconfig */,
				CAB75447FE1969266C17DCD2 /* Pods-FlashChatApp.release.xcconfig */,
			);
			path = Pods;
			sourceTree = "<group>";
		};
		33B8A1A82804566F00CD1EC1 /* Model */ = {
			isa = PBXGroup;
			children = (
				33B8A1A92804568300CD1EC1 /* Message.swift */,
			);
			name = Model;
			path = ..;
			sourceTree = "<group>";
		};
		33DFEA9727FACA7500CFD745 = {
			isa = PBXGroup;
			children = (
				33DFEAA227FACA7500CFD745 /* FlashChatApp */,
				33DFEAA127FACA7500CFD745 /* Products */,
				1B3F7CB47DB5DCE59BA54200 /* Pods */,
				FAF5A22BA2D4132AA63E6042 /* Frameworks */,
			);
			sourceTree = "<group>";
		};
		33DFEAA127FACA7500CFD745 /* Products */ = {
			isa = PBXGroup;
			children = (
				33DFEAA027FACA7500CFD745 /* FlashChatApp.app */,
			);
			name = Products;
			sourceTree = "<group>";
		};
		33DFEAA227FACA7500CFD745 /* FlashChatApp */ = {
			isa = PBXGroup;
			children = (
				33DFEAA327FACA7500CFD745 /* AppDelegate.swift */,
				33DFEAA527FACA7500CFD745 /* SceneDelegate.swift */,
				33B8A1A82804566F00CD1EC1 /* Model */,
				33DFEAB827FACB7400CFD745 /* Controllers */,
				33DFEAB727FACB6F00CFD745 /* View */,
				33DFEAAC27FACA7600CFD745 /* Assets.xcassets */,
				33DFEAAE27FACA7600CFD745 /* LaunchScreen.storyboard */,
				33B8A1A628044F6800CD1EC1 /* Constants.swift */,
				33DFEAB127FACA7600CFD745 /* Info.plist */,
				33B50F092803271B00C94265 /* GoogleService-Info.plist */,
			);
			path = FlashChatApp;
			sourceTree = "<group>";
		};
		33DFEAB727FACB6F00CFD745 /* View */ = {
			isa = PBXGroup;
			children = (
				33DFEAA927FACA7500CFD745 /* Main.storyboard */,
			);
			path = View;
			sourceTree = "<group>";
		};
		33DFEAB827FACB7400CFD745 /* Controllers */ = {
			isa = PBXGroup;
			children = (
				33DFEAA727FACA7500CFD745 /* WelcomeViewController.swift */,
				33DFEABD27FACC1E00CFD745 /* ChatViewController.swift */,
				33DFEABB27FACC0A00CFD745 /* RegisterViewController.swift */,
				33DFEAB927FACBF100CFD745 /* LoginViewController.swift */,
			);
			path = Controllers;
			sourceTree = "<group>";
		};
		FAF5A22BA2D4132AA63E6042 /* Frameworks */ = {
			isa = PBXGroup;
			children = (
				4F802D2FDBA3D75C422E5395 /* Pods_FlashChatApp.framework */,
			);
			name = Frameworks;
			sourceTree = "<group>";
		};
/* End PBXGroup section */

/* Begin PBXNativeTarget section */
		33DFEA9F27FACA7500CFD745 /* FlashChatApp */ = {
			isa = PBXNativeTarget;
			buildConfigurationList = 33DFEAB427FACA7600CFD745 /* Build configuration list for PBXNativeTarget "FlashChatApp" */;
			buildPhases = (
				85415018565B237863F61174 /* [CP] Check Pods Manifest.lock */,
				33DFEA9C27FACA7500CFD745 /* Sources */,
				33DFEA9D27FACA7500CFD745 /* Frameworks */,
				33DFEA9E27FACA7500CFD745 /* Resources */,
				25E301711ECEF2EFCE7B9D65 /* [CP] Embed Pods Frameworks */,
			);
			buildRules = (
			);
			dependencies = (
			);
			name = FlashChatApp;
			productName = FlashChatApp;
			productReference = 33DFEAA027FACA7500CFD745 /* FlashChatApp.app */;
			productType = "com.apple.product-type.application";
		};
/* End PBXNativeTarget section */

/* Begin PBXProject section */
		33DFEA9827FACA7500CFD745 /* Project object */ = {
			isa = PBXProject;
			attributes = {
				BuildIndependentTargetsInParallel = 1;
				LastSwiftUpdateCheck = 1330;
				LastUpgradeCheck = 1330;
				TargetAttributes = {
					33DFEA9F27FACA7500CFD745 = {
						CreatedOnToolsVersion = 13.3;
					};
				};
			};
			buildConfigurationList = 33DFEA9B27FACA7500CFD745 /* Build configuration list for PBXProject "FlashChatApp" */;
			compatibilityVersion = "Xcode 13.0";
			developmentRegion = en;
			hasScannedForEncodings = 0;
			knownRegions = (
				en,
				Base,
			);
			mainGroup = 33DFEA9727FACA7500CFD745;
			productRefGroup = 33DFEAA127FACA7500CFD745 /* Products */;
			projectDirPath = "";
			projectRoot = "";
			targets = (
				33DFEA9F27FACA7500CFD745 /* FlashChatApp */,
			);
		};
/* End PBXProject section */

/* Begin PBXResourcesBuildPhase section */
		33DFEA9E27FACA7500CFD745 /* Resources */ = {
			isa = PBXResourcesBuildPhase;
			buildActionMask = 2147483647;
			files = (
				33DFEAB027FACA7600CFD745 /* LaunchScreen.storyboard in Resources */,
				33B50F0A2803271B00C94265 /* GoogleService-Info.plist in Resources */,
				33DFEAAD27FACA7600CFD745 /* Assets.xcassets in Resources */,
				33DFEAAB27FACA7500CFD745 /* Main.storyboard in Resources */,
			);
			runOnlyForDeploymentPostprocessing = 0;
		};
/* End PBXResourcesBuildPhase section */

/* Begin PBXShellScriptBuildPhase section */
		25E301711ECEF2EFCE7B9D65 /* [CP] Embed Pods Frameworks */ = {
			isa = PBXShellScriptBuildPhase;
			buildActionMask = 2147483647;
			files = (
			);
			inputFileListPaths = (
				"${PODS_ROOT}/Target Support Files/Pods-FlashChatApp/Pods-FlashChatApp-frameworks-${CONFIGURATION}-input-files.xcfilelist",
			);
			name = "[CP] Embed Pods Frameworks";
			outputFileListPaths = (
				"${PODS_ROOT}/Target Support Files/Pods-FlashChatApp/Pods-FlashChatApp-frameworks-${CONFIGURATION}-output-files.xcfilelist",
			);
			runOnlyForDeploymentPostprocessing = 0;
			shellPath = /bin/sh;
			shellScript = "\"${PODS_ROOT}/Target Support Files/Pods-FlashChatApp/Pods-FlashChatApp-frameworks.sh\"\n";
			showEnvVarsInLog = 0;
		};
		85415018565B237863F61174 /* [CP] Check Pods Manifest.lock */ = {
			isa = PBXShellScriptBuildPhase;
			buildActionMask = 2147483647;
			files = (
			);
			inputFileListPaths = (
			);
			inputPaths = (
				"${PODS_PODFILE_DIR_PATH}/Podfile.lock",
				"${PODS_ROOT}/Manifest.lock",
			);
			name = "[CP] Check Pods Manifest.lock";
			outputFileListPaths = (
			);
			outputPaths = (
				"$(DERIVED_FILE_DIR)/Pods-FlashChatApp-checkManifestLockResult.txt",
			);
			runOnlyForDeploymentPostprocessing = 0;
			shellPath = /bin/sh;
			shellScript = "diff \"${PODS_PODFILE_DIR_PATH}/Podfile.lock\" \"${PODS_ROOT}/Manifest.lock\" > /dev/null\nif [ $? != 0 ] ; then\n    # print error to STDERR\n    echo \"error: The sandbox is not in sync with the Podfile.lock. Run 'pod install' or update your CocoaPods installation.\" >&2\n    exit 1\nfi\n# This output is used by Xcode 'outputs' to avoid re-running this script phase.\necho \"SUCCESS\" > \"${SCRIPT_OUTPUT_FILE_0}\"\n";
			showEnvVarsInLog = 0;
		};
/* End PBXShellScriptBuildPhase section */

/* Begin PBXSourcesBuildPhase section */
		33DFEA9C27FACA7500CFD745 /* Sources */ = {
			isa = PBXSourcesBuildPhase;
			buildActionMask = 2147483647;
			files = (
				33B8A1A728044F6800CD1EC1 /* Constants.swift in Sources */,
				33DFEABA27FACBF100CFD745 /* LoginViewController.swift in Sources */,
				33DFEABC27FACC0A00CFD745 /* RegisterViewController.swift in Sources */,
				33DFEAA827FACA7500CFD745 /* WelcomeViewController.swift in Sources */,
				33DFEAA427FACA7500CFD745 /* AppDelegate.swift in Sources */,
				33B8A1AA2804568300CD1EC1 /* Message.swift in Sources */,
				33DFEABE27FACC1E00CFD745 /* ChatViewController.swift in Sources */,
				33DFEAA627FACA7500CFD745 /* SceneDelegate.swift in Sources */,
			);
			runOnlyForDeploymentPostprocessing = 0;
		};
/* End PBXSourcesBuildPhase section */

/* Begin PBXVariantGroup section */
		33DFEAA927FACA7500CFD745 /* Main.storyboard */ = {
			isa = PBXVariantGroup;
			children = (
				33DFEAAA27FACA7500CFD745 /* Base */,
			);
			name = Main.storyboard;
			sourceTree = "<group>";
		};
		33DFEAAE27FACA7600CFD745 /* LaunchScreen.storyboard */ = {
			isa = PBXVariantGroup;
			children = (
				33DFEAAF27FACA7600CFD745 /* Base */,
			);
			name = LaunchScreen.storyboard;
			sourceTree = "<group>";
		};
/* End PBXVariantGroup section */

/* Begin XCBuildConfiguration section */
		33DFEAB227FACA7600CFD745 /* Debug */ = {
			isa = XCBuildConfiguration;
			buildSettings = {
				ALWAYS_SEARCH_USER_PATHS = NO;
				CLANG_ANALYZER_NONNULL = YES;
				CLANG_ANALYZER_NUMBER_OBJECT_CONVERSION = YES_AGGRESSIVE;
				CLANG_CXX_LANGUAGE_STANDARD = "gnu++17";
				CLANG_ENABLE_MODULES = YES;
				CLANG_ENABLE_OBJC_ARC = YES;
				CLANG_ENABLE_OBJC_WEAK = YES;
				CLANG_WARN_BLOCK_CAPTURE_AUTORELEASING = YES;
				CLANG_WARN_BOOL_CONVERSION = YES;
				CLANG_WARN_COMMA = YES;
				CLANG_WARN_CONSTANT_CONVERSION = YES;
				CLANG_WARN_DEPRECATED_OBJC_IMPLEMENTATIONS = YES;
				CLANG_WARN_DIRECT_OBJC_ISA_USAGE = YES_ERROR;
				CLANG_WARN_DOCUMENTATION_COMMENTS = YES;
				CLANG_WARN_EMPTY_BODY = YES;
				CLANG_WARN_ENUM_CONVERSION = YES;
				CLANG_WARN_INFINITE_RECURSION = YES;
				CLANG_WARN_INT_CONVERSION = YES;
				CLANG_WARN_NON_LITERAL_NULL_CONVERSION = YES;
				CLANG_WARN_OBJC_IMPLICIT_RETAIN_SELF = YES;
				CLANG_WARN_OBJC_LITERAL_CONVERSION = YES;
				CLANG_WARN_OBJC_ROOT_CLASS = YES_ERROR;
				CLANG_WARN_QUOTED_INCLUDE_IN_FRAMEWORK_HEADER = YES;
				CLANG_WARN_RANGE_LOOP_ANALYSIS = YES;
				CLANG_WARN_STRICT_PROTOTYPES = YES;
				CLANG_WARN_SUSPICIOUS_MOVE = YES;
				CLANG_WARN_UNGUARDED_AVAILABILITY = YES_AGGRESSIVE;
				CLANG_WARN_UNREACHABLE_CODE = YES;
				CLANG_WARN__DUPLICATE_METHOD_MATCH = YES;
				COPY_PHASE_STRIP = NO;
				DEBUG_INFORMATION_FORMAT = dwarf;
				ENABLE_STRICT_OBJC_MSGSEND = YES;
				ENABLE_TESTABILITY = YES;
				GCC_C_LANGUAGE_STANDARD = gnu11;
				GCC_DYNAMIC_NO_PIC = NO;
				GCC_NO_COMMON_BLOCKS = YES;
				GCC_OPTIMIZATION_LEVEL = 0;
				GCC_PREPROCESSOR_DEFINITIONS = (
					"DEBUG=1",
					"$(inherited)",
				);
				GCC_WARN_64_TO_32_BIT_CONVERSION = YES;
				GCC_WARN_ABOUT_RETURN_TYPE = YES_ERROR;
				GCC_WARN_UNDECLARED_SELECTOR = YES;
				GCC_WARN_UNINITIALIZED_AUTOS = YES_AGGRESSIVE;
				GCC_WARN_UNUSED_FUNCTION = YES;
				GCC_WARN_UNUSED_VARIABLE = YES;
				IPHONEOS_DEPLOYMENT_TARGET = 15.4;
				MTL_ENABLE_DEBUG_INFO = INCLUDE_SOURCE;
				MTL_FAST_MATH = YES;
				ONLY_ACTIVE_ARCH = YES;
				SDKROOT = iphoneos;
				SWIFT_ACTIVE_COMPILATION_CONDITIONS = DEBUG;
				SWIFT_OPTIMIZATION_LEVEL = "-Onone";
			};
			name = Debug;
		};
		33DFEAB327FACA7600CFD745 /* Release */ = {
			isa = XCBuildConfiguration;
			buildSettings = {
				ALWAYS_SEARCH_USER_PATHS = NO;
				CLANG_ANALYZER_NONNULL = YES;
				CLANG_ANALYZER_NUMBER_OBJECT_CONVERSION = YES_AGGRESSIVE;
				CLANG_CXX_LANGUAGE_STANDARD = "gnu++17";
				CLANG_ENABLE_MODULES = YES;
				CLANG_ENABLE_OBJC_ARC = YES;
				CLANG_ENABLE_OBJC_WEAK = YES;
				CLANG_WARN_BLOCK_CAPTURE_AUTORELEASING = YES;
				CLANG_WARN_BOOL_CONVERSION = YES;
				CLANG_WARN_COMMA = YES;
				CLANG_WARN_CONSTANT_CONVERSION = YES;
				CLANG_WARN_DEPRECATED_OBJC_IMPLEMENTATIONS = YES;
				CLANG_WARN_DIRECT_OBJC_ISA_USAGE = YES_ERROR;
				CLANG_WARN_DOCUMENTATION_COMMENTS = YES;
				CLANG_WARN_EMPTY_BODY = YES;
				CLANG_WARN_ENUM_CONVERSION = YES;
				CLANG_WARN_INFINITE_RECURSION = YES;
				CLANG_WARN_INT_CONVERSION = YES;
				CLANG_WARN_NON_LITERAL_NULL_CONVERSION = YES;
				CLANG_WARN_OBJC_IMPLICIT_RETAIN_SELF = YES;
				CLANG_WARN_OBJC_LITERAL_CONVERSION = YES;
				CLANG_WARN_OBJC_ROOT_CLASS = YES_ERROR;
				CLANG_WARN_QUOTED_INCLUDE_IN_FRAMEWORK_HEADER = YES;
				CLANG_WARN_RANGE_LOOP_ANALYSIS = YES;
				CLANG_WARN_STRICT_PROTOTYPES = YES;
				CLANG_WARN_SUSPICIOUS_MOVE = YES;
				CLANG_WARN_UNGUARDED_AVAILABILITY = YES_AGGRESSIVE;
				CLANG_WARN_UNREACHABLE_CODE = YES;
				CLANG_WARN__DUPLICATE_METHOD_MATCH = YES;
				COPY_PHASE_STRIP = NO;
				DEBUG_INFORMATION_FORMAT = "dwarf-with-dsym";
				ENABLE_NS_ASSERTIONS = NO;
				ENABLE_STRICT_OBJC_MSGSEND = YES;
				GCC_C_LANGUAGE_STANDARD = gnu11;
				GCC_NO_COMMON_BLOCKS = YES;
				GCC_WARN_64_TO_32_BIT_CONVERSION = YES;
				GCC_WARN_ABOUT_RETURN_TYPE = YES_ERROR;
				GCC_WARN_UNDECLARED_SELECTOR = YES;
				GCC_WARN_UNINITIALIZED_AUTOS = YES_AGGRESSIVE;
				GCC_WARN_UNUSED_FUNCTION = YES;
				GCC_WARN_UNUSED_VARIABLE = YES;
				IPHONEOS_DEPLOYMENT_TARGET = 15.4;
				MTL_ENABLE_DEBUG_INFO = NO;
				MTL_FAST_MATH = YES;
				SDKROOT = iphoneos;
				SWIFT_COMPILATION_MODE = wholemodule;
				SWIFT_OPTIMIZATION_LEVEL = "-O";
				VALIDATE_PRODUCT = YES;
			};
			name = Release;
		};
		33DFEAB527FACA7600CFD745 /* Debug */ = {
			isa = XCBuildConfiguration;
			baseConfigurationReference = 89408CF80749AE23C80FE42A /* Pods-FlashChatApp.debug.xcconfig */;
			buildSettings = {
				ASSETCATALOG_COMPILER_APPICON_NAME = AppIcon;
				ASSETCATALOG_COMPILER_GLOBAL_ACCENT_COLOR_NAME = AccentColor;
				CODE_SIGN_STYLE = Automatic;
				CURRENT_PROJECT_VERSION = 1;
				DEVELOPMENT_TEAM = 52M7CVVD94;
				GENERATE_INFOPLIST_FILE = YES;
				INFOPLIST_FILE = FlashChatApp/Info.plist;
				INFOPLIST_KEY_UIApplicationSupportsIndirectInputEvents = YES;
				INFOPLIST_KEY_UILaunchStoryboardName = LaunchScreen;
				INFOPLIST_KEY_UIMainStoryboardFile = Main;
				INFOPLIST_KEY_UISupportedInterfaceOrientations_iPad = "UIInterfaceOrientationPortrait UIInterfaceOrientationPortraitUpsideDown UIInterfaceOrientationLandscapeLeft UIInterfaceOrientationLandscapeRight";
				INFOPLIST_KEY_UISupportedInterfaceOrientations_iPhone = "UIInterfaceOrientationPortrait UIInterfaceOrientationLandscapeLeft UIInterfaceOrientationLandscapeRight";
				LD_RUNPATH_SEARCH_PATHS = (
					"$(inherited)",
					"@executable_path/Frameworks",
				);
				MARKETING_VERSION = 1.0;
				PRODUCT_BUNDLE_IDENTIFIER = com.nalanduman.FlashChatApp;
				PRODUCT_NAME = "$(TARGET_NAME)";
				SWIFT_EMIT_LOC_STRINGS = YES;
				SWIFT_VERSION = 5.0;
				TARGETED_DEVICE_FAMILY = "1,2";
			};
			name = Debug;
		};
		33DFEAB627FACA7600CFD745 /* Release */ = {
			isa = XCBuildConfiguration;
			baseConfigurationReference = CAB75447FE1969266C17DCD2 /* Pods-FlashChatApp.release.xcconfig */;
			buildSettings = {
				ASSETCATALOG_COMPILER_APPICON_NAME = AppIcon;
				ASSETCATALOG_COMPILER_GLOBAL_ACCENT_COLOR_NAME = AccentColor;
				CODE_SIGN_STYLE = Automatic;
				CURRENT_PROJECT_VERSION = 1;
				DEVELOPMENT_TEAM = 52M7CVVD94;
				GENERATE_INFOPLIST_FILE = YES;
				INFOPLIST_FILE = FlashChatApp/Info.plist;
				INFOPLIST_KEY_UIApplicationSupportsIndirectInputEvents = YES;
				INFOPLIST_KEY_UILaunchStoryboardName = LaunchScreen;
				INFOPLIST_KEY_UIMainStoryboardFile = Main;
				INFOPLIST_KEY_UISupportedInterfaceOrientations_iPad = "UIInterfaceOrientationPortrait UIInterfaceOrientationPortraitUpsideDown UIInterfaceOrientationLandscapeLeft UIInterfaceOrientationLandscapeRight";
				INFOPLIST_KEY_UISupportedInterfaceOrientations_iPhone = "UIInterfaceOrientationPortrait UIInterfaceOrientationLandscapeLeft UIInterfaceOrientationLandscapeRight";
				LD_RUNPATH_SEARCH_PATHS = (
					"$(inherited)",
					"@executable_path/Frameworks",
				);
				MARKETING_VERSION = 1.0;
				PRODUCT_BUNDLE_IDENTIFIER = com.nalanduman.FlashChatApp;
				PRODUCT_NAME = "$(TARGET_NAME)";
				SWIFT_EMIT_LOC_STRINGS = YES;
				SWIFT_VERSION = 5.0;
				TARGETED_DEVICE_FAMILY = "1,2";
			};
			name = Release;
		};
/* End XCBuildConfiguration section */

/* Begin XCConfigurationList section */
		33DFEA9B27FACA7500CFD745 /* Build configuration list for PBXProject "FlashChatApp" */ = {
			isa = XCConfigurationList;
			buildConfigurations = (
				33DFEAB227FACA7600CFD745 /* Debug */,
				33DFEAB327FACA7600CFD745 /* Release */,
			);
			defaultConfigurationIsVisible = 0;
			defaultConfigurationName = Release;
		};
		33DFEAB427FACA7600CFD745 /* Build configuration list for PBXNativeTarget "FlashChatApp" */ = {
			isa = XCConfigurationList;
			buildConfigurations = (
				33DFEAB527FACA7600CFD745 /* Debug */,
				33DFEAB627FACA7600CFD745 /* Release */,
			);
			defaultConfigurationIsVisible = 0;
			defaultConfigurationName = Release;
		};
/* End XCConfigurationList section */
	};
	rootObject = 33DFEA9827FACA7500CFD745 /* Project object */;
}
